
Microsoft Visual Studio Solution File, Format Version 12.00
# Visual Studio 15
VisualStudioVersion = 15.0.27703.2018
MinimumVisualStudioVersion = 10.0.40219.1
Project("{FAE04EC0-301F-11D3-BF4B-00C04F79EFBC}") = "etrade-server", "etrade-server\etrade-server.csproj", "{46FA7265-6EB9-457D-B538-440E3FB79493}"
EndProject
Project("{FAE04EC0-301F-11D3-BF4B-00C04F79EFBC}") = "etrade", "etrade\etrade.csproj", "{FBAD9E84-E89F-4192-A705-BB6A989BECF2}"
EndProject
Project("{FAE04EC0-301F-11D3-BF4B-00C04F79EFBC}") = "etrade.services", "etrade.services\etrade.services.csproj", "{1F799301-EEBF-4A06-A633-ECD39BBA4ED3}"
EndProject
Project("{FAE04EC0-301F-11D3-BF4B-00C04F79EFBC}") = "etrade.Dal", "etrade.Dal\etrade.Dal.csproj", "{4F030094-98CA-422B-A0C6-542CEAFCBEB1}"
EndProject
Global
	GlobalSection(SolutionConfigurationPlatforms) = preSolution
		Debug|Any CPU = Debug|Any CPU
		Release|Any CPU = Release|Any CPU
	EndGlobalSection
	GlobalSection(ProjectConfigurationPlatforms) = postSolution
		{46FA7265-6EB9-457D-B538-440E3FB79493}.Debug|Any CPU.ActiveCfg = Debug|Any CPU
		{46FA7265-6EB9-457D-B538-440E3FB79493}.Debug|Any CPU.Build.0 = Debug|Any CPU
		{46FA7265-6EB9-457D-B538-440E3FB79493}.Release|Any CPU.ActiveCfg = Release|Any CPU
		{46FA7265-6EB9-457D-B538-440E3FB79493}.Release|Any CPU.Build.0 = Release|Any CPU
		{FBAD9E84-E89F-4192-A705-BB6A989BECF2}.Debug|Any CPU.ActiveCfg = Debug|Any CPU
		{FBAD9E84-E89F-4192-A705-BB6A989BECF2}.Debug|Any CPU.Build.0 = Debug|Any CPU
		{FBAD9E84-E89F-4192-A705-BB6A989BECF2}.Release|Any CPU.ActiveCfg = Release|Any CPU
		{FBAD9E84-E89F-4192-A705-BB6A989BECF2}.Release|Any CPU.Build.0 = Release|Any CPU
		{1F799301-EEBF-4A06-A633-ECD39BBA4ED3}.Debug|Any CPU.ActiveCfg = Debug|Any CPU
		{1F799301-EEBF-4A06-A633-ECD39BBA4ED3}.Debug|Any CPU.Build.0 = Debug|Any CPU
		{1F799301-EEBF-4A06-A633-ECD39BBA4ED3}.Release|Any CPU.ActiveCfg = Release|Any CPU
		{1F799301-EEBF-4A06-A633-ECD39BBA4ED3}.Release|Any CPU.Build.0 = Release|Any CPU
		{4F030094-98CA-422B-A0C6-542CEAFCBEB1}.Debug|Any CPU.ActiveCfg = Debug|Any CPU
		{4F030094-98CA-422B-A0C6-542CEAFCBEB1}.Debug|Any CPU.Build.0 = Debug|Any CPU
		{4F030094-98CA-422B-A0C6-542CEAFCBEB1}.Release|Any CPU.ActiveCfg = Release|Any CPU
		{4F030094-98CA-422B-A0C6-542CEAFCBEB1}.Release|Any CPU.Build.0 = Release|Any CPU
	EndGlobalSection
	GlobalSection(SolutionProperties) = preSolution
		HideSolutionNode = FALSE
	EndGlobalSection
	GlobalSection(ExtensibilityGlobals) = postSolution
		SolutionGuid = {B8123B3B-1499-4D9E-819A-0D748E43BD5D}
	EndGlobalSection
EndGlobal
